{
  "version": 4,
  "terraform_version": "1.7.3",
  "serial": 19,
  "lineage": "d7c1a808-fdf3-893e-f758-c981b3d0744f",
  "outputs": {},
  "resources": [
    {
      "mode": "managed",
      "type": "azurerm_resource_group",
      "name": "rg",
      "provider": "provider[\"registry.terraform.io/hashicorp/azurerm\"]",
      "instances": [
        {
          "schema_version": 0,
          "attributes": {
            "id": "/subscriptions/6b4eb758-ab05-4437-a41a-e976e8ef8c88/resourceGroups/rg-terraform-test",
            "location": "westeurope",
            "name": "rg-terraform-test",
            "tags": {},
            "timeouts": null
          },
          "sensitive_attributes": [],
          "private": "eyJlMmJmYjczMC1lY2FhLTExZTYtOGY4OC0zNDM2M2JjN2M0YzAiOnsiY3JlYXRlIjo1NDAwMDAwMDAwMDAwLCJkZWxldGUiOjU0MDAwMDAwMDAwMDAsInJlYWQiOjMwMDAwMDAwMDAwMCwidXBkYXRlIjo1NDAwMDAwMDAwMDAwfX0="
        }
      ]
    },
    {
      "mode": "managed",
      "type": "azurerm_storage_account",
      "name": "datalake",
      "provider": "provider[\"registry.terraform.io/hashicorp/azurerm\"]",
      "instances": [
        {
          "status": "tainted",
          "schema_version": 3,
          "attributes": {
            "access_tier": "Hot",
            "account_kind": "StorageV2",
            "account_replication_type": "LRS",
            "account_tier": "Standard",
            "allow_nested_items_to_be_public": true,
            "azure_files_authentication": [],
            "blob_properties": [
              {
                "change_feed_enabled": false,
                "container_delete_retention_policy": [],
                "cors_rule": [],
                "default_service_version": "",
                "delete_retention_policy": [],
                "last_access_time_enabled": false,
                "versioning_enabled": false
              }
            ],
            "custom_domain": [],
            "customer_managed_key": [],
            "edge_zone": "",
            "enable_https_traffic_only": true,
            "id": "/subscriptions/6b4eb758-ab05-4437-a41a-e976e8ef8c88/resourceGroups/rg-terraform-test/providers/Microsoft.Storage/storageAccounts/sawlterraformtest2",
            "identity": [],
            "infrastructure_encryption_enabled": false,
            "is_hns_enabled": true,
            "large_file_share_enabled": null,
            "location": "westeurope",
            "min_tls_version": "TLS1_2",
            "name": "sawlterraformtest2",
            "network_rules": [
              {
                "bypass": [
                  "AzureServices"
                ],
                "default_action": "Allow",
                "ip_rules": [],
                "private_link_access": [],
                "virtual_network_subnet_ids": []
              }
            ],
            "nfsv3_enabled": false,
            "primary_access_key": "T8iGoBpjs7CuS6NAv6uFDKIeROZ+sfkdyTxlZuLtN6I0nqUd+Y/1UKMDUgu7zeIoR2MRGSt0QA1p+AStT1Secw==",
            "primary_blob_connection_string": "DefaultEndpointsProtocol=https;BlobEndpoint=https://sawlterraformtest2.blob.core.windows.net/;AccountName=sawlterraformtest2;AccountKey=T8iGoBpjs7CuS6NAv6uFDKIeROZ+sfkdyTxlZuLtN6I0nqUd+Y/1UKMDUgu7zeIoR2MRGSt0QA1p+AStT1Secw==",
            "primary_blob_endpoint": "https://sawlterraformtest2.blob.core.windows.net/",
            "primary_blob_host": "sawlterraformtest2.blob.core.windows.net",
            "primary_connection_string": "DefaultEndpointsProtocol=https;AccountName=sawlterraformtest2;AccountKey=T8iGoBpjs7CuS6NAv6uFDKIeROZ+sfkdyTxlZuLtN6I0nqUd+Y/1UKMDUgu7zeIoR2MRGSt0QA1p+AStT1Secw==;EndpointSuffix=core.windows.net",
            "primary_dfs_endpoint": "https://sawlterraformtest2.dfs.core.windows.net/",
            "primary_dfs_host": "sawlterraformtest2.dfs.core.windows.net",
            "primary_file_endpoint": "https://sawlterraformtest2.file.core.windows.net/",
            "primary_file_host": "sawlterraformtest2.file.core.windows.net",
            "primary_location": "westeurope",
            "primary_queue_endpoint": "https://sawlterraformtest2.queue.core.windows.net/",
            "primary_queue_host": "sawlterraformtest2.queue.core.windows.net",
            "primary_table_endpoint": "https://sawlterraformtest2.table.core.windows.net/",
            "primary_table_host": "sawlterraformtest2.table.core.windows.net",
            "primary_web_endpoint": "https://sawlterraformtest2.z6.web.core.windows.net/",
            "primary_web_host": "sawlterraformtest2.z6.web.core.windows.net",
            "queue_encryption_key_type": "Service",
            "queue_properties": null,
            "resource_group_name": "rg-terraform-test",
            "routing": [],
            "secondary_access_key": "9+MzgKUNF+Bz2MXA3hturq7CS0brLfcBpOqwkZVTktn8uwH8KPWU/hVNK40KAMelufQ4505okCxI+AStFIOgNg==",
            "secondary_blob_connection_string": "",
            "secondary_blob_endpoint": null,
            "secondary_blob_host": null,
            "secondary_connection_string": "DefaultEndpointsProtocol=https;AccountName=sawlterraformtest2;AccountKey=9+MzgKUNF+Bz2MXA3hturq7CS0brLfcBpOqwkZVTktn8uwH8KPWU/hVNK40KAMelufQ4505okCxI+AStFIOgNg==;EndpointSuffix=core.windows.net",
            "secondary_dfs_endpoint": null,
            "secondary_dfs_host": null,
            "secondary_file_endpoint": null,
            "secondary_file_host": null,
            "secondary_location": "",
            "secondary_queue_endpoint": null,
            "secondary_queue_host": null,
            "secondary_table_endpoint": null,
            "secondary_table_host": null,
            "secondary_web_endpoint": null,
            "secondary_web_host": null,
            "share_properties": null,
            "shared_access_key_enabled": true,
            "static_website": [],
            "table_encryption_key_type": "Service",
            "tags": null,
            "timeouts": null
          },
          "sensitive_attributes": [],
          "private": "eyJlMmJmYjczMC1lY2FhLTExZTYtOGY4OC0zNDM2M2JjN2M0YzAiOnsiY3JlYXRlIjozNjAwMDAwMDAwMDAwLCJkZWxldGUiOjM2MDAwMDAwMDAwMDAsInJlYWQiOjMwMDAwMDAwMDAwMCwidXBkYXRlIjozNjAwMDAwMDAwMDAwfSwic2NoZW1hX3ZlcnNpb24iOiIzIn0=",
          "dependencies": [
            "azurerm_resource_group.rg"
          ]
        }
      ]
    }
  ],
  "check_results": null
}
